// !$*UTF8*$!
{
	archiveVersion = 1;
	classes = {
	};
	objectVersion = 46;
	objects = {

/* Begin PBXBuildFile section */
		9303AE2E1B45859F00D21F77 /* HWNSString+Extension.m in Sources */ = {isa = PBXBuildFile; fileRef = 9303AE2D1B45859F00D21F77 /* HWNSString+Extension.m */; };
		9303AE341B4624CA00D21F77 /* HWStatusPhotosView.m in Sources */ = {isa = PBXBuildFile; fileRef = 9303AE331B4624CA00D21F77 /* HWStatusPhotosView.m */; };
		9303AE3A1B46419F00D21F77 /* HWStatusPhotoView.m in Sources */ = {isa = PBXBuildFile; fileRef = 9303AE391B46419F00D21F77 /* HWStatusPhotoView.m */; };
		9303AE3D1B46519900D21F77 /* HWIconView.m in Sources */ = {isa = PBXBuildFile; fileRef = 9303AE3C1B46519900D21F77 /* HWIconView.m */; };
		93590A201B29369C0031A146 /* ViewController.m in Sources */ = {isa = PBXBuildFile; fileRef = 93590A1F1B29369C0031A146 /* ViewController.m */; };
		93590A231B29369D0031A146 /* Main.storyboard in Resources */ = {isa = PBXBuildFile; fileRef = 93590A211B29369D0031A146 /* Main.storyboard */; };
		93590A251B29369D0031A146 /* Images.xcassets in Resources */ = {isa = PBXBuildFile; fileRef = 93590A241B29369D0031A146 /* Images.xcassets */; };
		93590A281B29369D0031A146 /* LaunchScreen.xib in Resources */ = {isa = PBXBuildFile; fileRef = 93590A261B29369D0031A146 /* LaunchScreen.xib */; };
		93590A341B29369D0031A146 /* ____2Tests.m in Sources */ = {isa = PBXBuildFile; fileRef = 93590A331B29369D0031A146 /* ____2Tests.m */; };
		93590AB41B2AB8200031A146 /* HWDiscoverViewController.m in Sources */ = {isa = PBXBuildFile; fileRef = 93590A831B2AB8200031A146 /* HWDiscoverViewController.m */; };
		93590AB51B2AB8200031A146 /* HWHomeViewController.m in Sources */ = {isa = PBXBuildFile; fileRef = 93590A891B2AB8200031A146 /* HWHomeViewController.m */; };
		93590AB61B2AB8200031A146 /* AppDelegate.m in Sources */ = {isa = PBXBuildFile; fileRef = 93590A8E1B2AB8200031A146 /* AppDelegate.m */; };
		93590AB71B2AB8200031A146 /* HWUIView+Extension.m in Sources */ = {isa = PBXBuildFile; fileRef = 93590A911B2AB8200031A146 /* HWUIView+Extension.m */; };
		93590AB81B2AB8200031A146 /* HWNavigationController.m in Sources */ = {isa = PBXBuildFile; fileRef = 93590A941B2AB8200031A146 /* HWNavigationController.m */; };
		93590AB91B2AB8200031A146 /* HWTabBarViewController.m in Sources */ = {isa = PBXBuildFile; fileRef = 93590A961B2AB8200031A146 /* HWTabBarViewController.m */; };
		93590ABA1B2AB8200031A146 /* main.m in Sources */ = {isa = PBXBuildFile; fileRef = 93590A971B2AB8200031A146 /* main.m */; };
		93590ABB1B2AB8200031A146 /* HWMessageCenterViewController.m in Sources */ = {isa = PBXBuildFile; fileRef = 93590A9D1B2AB8200031A146 /* HWMessageCenterViewController.m */; };
		93590ABC1B2AB8200031A146 /* HWProfileViewController.m in Sources */ = {isa = PBXBuildFile; fileRef = 93590AA71B2AB8200031A146 /* HWProfileViewController.m */; };
		93590ABD1B2AB8200031A146 /* HWTest2ViewController.m in Sources */ = {isa = PBXBuildFile; fileRef = 93590AAD1B2AB8200031A146 /* HWTest2ViewController.m */; };
		93590ABE1B2AB8200031A146 /* HWTest2ViewController.xib in Resources */ = {isa = PBXBuildFile; fileRef = 93590AAE1B2AB8200031A146 /* HWTest2ViewController.xib */; };
		93590ABF1B2AB8200031A146 /* HWTestViewController.m in Sources */ = {isa = PBXBuildFile; fileRef = 93590AB01B2AB8200031A146 /* HWTestViewController.m */; };
		93590AC01B2AB8200031A146 /* HWTestViewController.xib in Resources */ = {isa = PBXBuildFile; fileRef = 93590AB11B2AB8200031A146 /* HWTestViewController.xib */; };
		9359A4931B40E93300481293 /* HWStatusCell.m in Sources */ = {isa = PBXBuildFile; fileRef = 9359A4921B40E93300481293 /* HWStatusCell.m */; };
		9359A4961B40F2E600481293 /* HWStatusFrame.m in Sources */ = {isa = PBXBuildFile; fileRef = 9359A4951B40F2E600481293 /* HWStatusFrame.m */; };
		9359A4991B4286A500481293 /* HWPhoto.m in Sources */ = {isa = PBXBuildFile; fileRef = 9359A4981B4286A500481293 /* HWPhoto.m */; };
		9359A49C1B42C00600481293 /* HWStatusToolbar.m in Sources */ = {isa = PBXBuildFile; fileRef = 9359A49B1B42C00600481293 /* HWStatusToolbar.m */; };
		9371A4B71B357D0E00C33E44 /* HWUIWindow+Extension.m in Sources */ = {isa = PBXBuildFile; fileRef = 9371A4B61B357D0E00C33E44 /* HWUIWindow+Extension.m */; };
		939DE21F1B2ABF3900FE9EB2 /* HWUIBarButtonItem+Extension.m in Sources */ = {isa = PBXBuildFile; fileRef = 939DE21E1B2ABF3900FE9EB2 /* HWUIBarButtonItem+Extension.m */; };
		939DE2221B2B391200FE9EB2 /* HWSearchBar.m in Sources */ = {isa = PBXBuildFile; fileRef = 939DE2211B2B391200FE9EB2 /* HWSearchBar.m */; };
		939DE2251B2DA89700FE9EB2 /* HWDropDownMenu.m in Sources */ = {isa = PBXBuildFile; fileRef = 939DE2241B2DA89700FE9EB2 /* HWDropDownMenu.m */; };
		939DE2281B2EB42300FE9EB2 /* HWTabBar.m in Sources */ = {isa = PBXBuildFile; fileRef = 939DE2271B2EB42300FE9EB2 /* HWTabBar.m */; };
		939DE22D1B2F03BC00FE9EB2 /* HWNewFeatrueViewController.m in Sources */ = {isa = PBXBuildFile; fileRef = 939DE22C1B2F03BC00FE9EB2 /* HWNewFeatrueViewController.m */; };
		939DE2321B3154CE00FE9EB2 /* HWOAuthViewController.m in Sources */ = {isa = PBXBuildFile; fileRef = 939DE2311B3154CE00FE9EB2 /* HWOAuthViewController.m */; };
		939DE2471B3167D700FE9EB2 /* AFHTTPRequestOperation.m in Sources */ = {isa = PBXBuildFile; fileRef = 939DE2351B3167D700FE9EB2 /* AFHTTPRequestOperation.m */; };
		939DE2481B3167D700FE9EB2 /* AFHTTPRequestOperationManager.m in Sources */ = {isa = PBXBuildFile; fileRef = 939DE2371B3167D700FE9EB2 /* AFHTTPRequestOperationManager.m */; };
		939DE2491B3167D700FE9EB2 /* AFHTTPSessionManager.m in Sources */ = {isa = PBXBuildFile; fileRef = 939DE2391B3167D700FE9EB2 /* AFHTTPSessionManager.m */; };
		939DE24A1B3167D700FE9EB2 /* AFNetworkReachabilityManager.m in Sources */ = {isa = PBXBuildFile; fileRef = 939DE23C1B3167D700FE9EB2 /* AFNetworkReachabilityManager.m */; };
		939DE24B1B3167D700FE9EB2 /* AFSecurityPolicy.m in Sources */ = {isa = PBXBuildFile; fileRef = 939DE23E1B3167D700FE9EB2 /* AFSecurityPolicy.m */; };
		939DE24C1B3167D700FE9EB2 /* AFURLConnectionOperation.m in Sources */ = {isa = PBXBuildFile; fileRef = 939DE2401B3167D700FE9EB2 /* AFURLConnectionOperation.m */; };
		939DE24D1B3167D700FE9EB2 /* AFURLRequestSerialization.m in Sources */ = {isa = PBXBuildFile; fileRef = 939DE2421B3167D700FE9EB2 /* AFURLRequestSerialization.m */; };
		939DE24E1B3167D700FE9EB2 /* AFURLResponseSerialization.m in Sources */ = {isa = PBXBuildFile; fileRef = 939DE2441B3167D700FE9EB2 /* AFURLResponseSerialization.m */; };
		939DE24F1B3167D700FE9EB2 /* AFURLSessionManager.m in Sources */ = {isa = PBXBuildFile; fileRef = 939DE2461B3167D700FE9EB2 /* AFURLSessionManager.m */; };
		939DE2531B31B61900FE9EB2 /* HWAccount.m in Sources */ = {isa = PBXBuildFile; fileRef = 939DE2521B31B61900FE9EB2 /* HWAccount.m */; };
		939DE2571B3438CF00FE9EB2 /* MBProgressHUD.m in Sources */ = {isa = PBXBuildFile; fileRef = 939DE2561B3438CF00FE9EB2 /* MBProgressHUD.m */; };
		939DE25B1B34445600FE9EB2 /* HWAccountTool.m in Sources */ = {isa = PBXBuildFile; fileRef = 939DE25A1B34445600FE9EB2 /* HWAccountTool.m */; };
		93BED3571B36855600A94CF4 /* HWTitleButton.m in Sources */ = {isa = PBXBuildFile; fileRef = 93BED3561B36855600A94CF4 /* HWTitleButton.m */; };
		93BED37A1B36EE6600A94CF4 /* MKAnnotationView+WebCache.m in Sources */ = {isa = PBXBuildFile; fileRef = 93BED35A1B36EE6600A94CF4 /* MKAnnotationView+WebCache.m */; };
		93BED37B1B36EE6600A94CF4 /* NSData+ImageContentType.m in Sources */ = {isa = PBXBuildFile; fileRef = 93BED35C1B36EE6600A94CF4 /* NSData+ImageContentType.m */; };
		93BED37C1B36EE6600A94CF4 /* SDImageCache.m in Sources */ = {isa = PBXBuildFile; fileRef = 93BED35E1B36EE6600A94CF4 /* SDImageCache.m */; };
		93BED37D1B36EE6600A94CF4 /* SDWebImageCompat.m in Sources */ = {isa = PBXBuildFile; fileRef = 93BED3601B36EE6600A94CF4 /* SDWebImageCompat.m */; };
		93BED37E1B36EE6600A94CF4 /* SDWebImageDecoder.m in Sources */ = {isa = PBXBuildFile; fileRef = 93BED3621B36EE6600A94CF4 /* SDWebImageDecoder.m */; };
		93BED37F1B36EE6600A94CF4 /* SDWebImageDownloader.m in Sources */ = {isa = PBXBuildFile; fileRef = 93BED3641B36EE6600A94CF4 /* SDWebImageDownloader.m */; };
		93BED3801B36EE6600A94CF4 /* SDWebImageDownloaderOperation.m in Sources */ = {isa = PBXBuildFile; fileRef = 93BED3661B36EE6600A94CF4 /* SDWebImageDownloaderOperation.m */; };
		93BED3811B36EE6600A94CF4 /* SDWebImageManager.m in Sources */ = {isa = PBXBuildFile; fileRef = 93BED3681B36EE6600A94CF4 /* SDWebImageManager.m */; };
		93BED3821B36EE6600A94CF4 /* SDWebImagePrefetcher.m in Sources */ = {isa = PBXBuildFile; fileRef = 93BED36B1B36EE6600A94CF4 /* SDWebImagePrefetcher.m */; };
		93BED3831B36EE6600A94CF4 /* UIButton+WebCache.m in Sources */ = {isa = PBXBuildFile; fileRef = 93BED36D1B36EE6600A94CF4 /* UIButton+WebCache.m */; };
		93BED3841B36EE6600A94CF4 /* UIImage+GIF.m in Sources */ = {isa = PBXBuildFile; fileRef = 93BED36F1B36EE6600A94CF4 /* UIImage+GIF.m */; };
		93BED3851B36EE6600A94CF4 /* UIImage+MultiFormat.m in Sources */ = {isa = PBXBuildFile; fileRef = 93BED3711B36EE6600A94CF4 /* UIImage+MultiFormat.m */; };
		93BED3861B36EE6600A94CF4 /* UIImage+WebP.m in Sources */ = {isa = PBXBuildFile; fileRef = 93BED3731B36EE6600A94CF4 /* UIImage+WebP.m */; };
		93BED3871B36EE6600A94CF4 /* UIImageView+HighlightedWebCache.m in Sources */ = {isa = PBXBuildFile; fileRef = 93BED3751B36EE6600A94CF4 /* UIImageView+HighlightedWebCache.m */; };
		93BED3881B36EE6600A94CF4 /* UIImageView+WebCache.m in Sources */ = {isa = PBXBuildFile; fileRef = 93BED3771B36EE6600A94CF4 /* UIImageView+WebCache.m */; };
		93BED3891B36EE6600A94CF4 /* UIView+WebCacheOperation.m in Sources */ = {isa = PBXBuildFile; fileRef = 93BED3791B36EE6600A94CF4 /* UIView+WebCacheOperation.m */; };
		93BED38C1B37A23F00A94CF4 /* HWUser.m in Sources */ = {isa = PBXBuildFile; fileRef = 93BED38B1B37A23F00A94CF4 /* HWUser.m */; };
		93BED38F1B37A2C800A94CF4 /* HWStatus.m in Sources */ = {isa = PBXBuildFile; fileRef = 93BED38E1B37A2C800A94CF4 /* HWStatus.m */; };
		93BED3921B3AC0DC00A94CF4 /* HWLoadMoreFooter.m in Sources */ = {isa = PBXBuildFile; fileRef = 93BED3911B3AC0DC00A94CF4 /* HWLoadMoreFooter.m */; };
		93BED3941B3AC10C00A94CF4 /* HWLoadMoreFooter.xib in Resources */ = {isa = PBXBuildFile; fileRef = 93BED3931B3AC10C00A94CF4 /* HWLoadMoreFooter.xib */; };
		93D7937D1B3C524F0071E041 /* icon.png in Resources */ = {isa = PBXBuildFile; fileRef = 93D7937C1B3C524F0071E041 /* icon.png */; };
/* End PBXBuildFile section */

/* Begin PBXContainerItemProxy section */
		93590A2E1B29369D0031A146 /* PBXContainerItemProxy */ = {
			isa = PBXContainerItemProxy;
			containerPortal = 93590A0C1B29369C0031A146 /* Project object */;
			proxyType = 1;
			remoteGlobalIDString = 93590A131B29369C0031A146;
			remoteInfo = "黑马微博2";
		};
/* End PBXContainerItemProxy section */

/* Begin PBXFileReference section */
		9303AE2C1B45859F00D21F77 /* HWNSString+Extension.h */ = {isa = PBXFileReference; fileEncoding = 4; lastKnownFileType = sourcecode.c.h; path = "HWNSString+Extension.h"; sourceTree = "<group>"; };
		9303AE2D1B45859F00D21F77 /* HWNSString+Extension.m */ = {isa = PBXFileReference; fileEncoding = 4; lastKnownFileType = sourcecode.c.objc; path = "HWNSString+Extension.m"; sourceTree = "<group>"; };
		9303AE321B4624CA00D21F77 /* HWStatusPhotosView.h */ = {isa = PBXFileReference; fileEncoding = 4; lastKnownFileType = sourcecode.c.h; path = HWStatusPhotosView.h; sourceTree = "<group>"; };
		9303AE331B4624CA00D21F77 /* HWStatusPhotosView.m */ = {isa = PBXFileReference; fileEncoding = 4; lastKnownFileType = sourcecode.c.objc; path = HWStatusPhotosView.m; sourceTree = "<group>"; };
		9303AE381B46419F00D21F77 /* HWStatusPhotoView.h */ = {isa = PBXFileReference; fileEncoding = 4; lastKnownFileType = sourcecode.c.h; path = HWStatusPhotoView.h; sourceTree = "<group>"; };
		9303AE391B46419F00D21F77 /* HWStatusPhotoView.m */ = {isa = PBXFileReference; fileEncoding = 4; lastKnownFileType = sourcecode.c.objc; path = HWStatusPhotoView.m; sourceTree = "<group>"; };
		9303AE3B1B46519900D21F77 /* HWIconView.h */ = {isa = PBXFileReference; fileEncoding = 4; lastKnownFileType = sourcecode.c.h; path = HWIconView.h; sourceTree = "<group>"; };
		9303AE3C1B46519900D21F77 /* HWIconView.m */ = {isa = PBXFileReference; fileEncoding = 4; lastKnownFileType = sourcecode.c.objc; path = HWIconView.m; sourceTree = "<group>"; };
		93590A141B29369C0031A146 /* 黑马微博2.app */ = {isa = PBXFileReference; explicitFileType = wrapper.application; includeInIndex = 0; path = "黑马微博2.app"; sourceTree = BUILT_PRODUCTS_DIR; };
		93590A181B29369C0031A146 /* Info.plist */ = {isa = PBXFileReference; lastKnownFileType = text.plist.xml; path = Info.plist; sourceTree = "<group>"; };
		93590A1E1B29369C0031A146 /* ViewController.h */ = {isa = PBXFileReference; lastKnownFileType = sourcecode.c.h; path = ViewController.h; sourceTree = "<group>"; };
		93590A1F1B29369C0031A146 /* ViewController.m */ = {isa = PBXFileReference; lastKnownFileType = sourcecode.c.objc; path = ViewController.m; sourceTree = "<group>"; };
		93590A221B29369D0031A146 /* Base */ = {isa = PBXFileReference; lastKnownFileType = file.storyboard; name = Base; path = Base.lproj/Main.storyboard; sourceTree = "<group>"; };
		93590A241B29369D0031A146 /* Images.xcassets */ = {isa = PBXFileReference; lastKnownFileType = folder.assetcatalog; path = Images.xcassets; sourceTree = "<group>"; };
		93590A271B29369D0031A146 /* Base */ = {isa = PBXFileReference; lastKnownFileType = file.xib; name = Base; path = Base.lproj/LaunchScreen.xib; sourceTree = "<group>"; };
		93590A2D1B29369D0031A146 /* 黑马微博2Tests.xctest */ = {isa = PBXFileReference; explicitFileType = wrapper.cfbundle; includeInIndex = 0; path = "黑马微博2Tests.xctest"; sourceTree = BUILT_PRODUCTS_DIR; };
		93590A321B29369D0031A146 /* Info.plist */ = {isa = PBXFileReference; lastKnownFileType = text.plist.xml; path = Info.plist; sourceTree = "<group>"; };
		93590A331B29369D0031A146 /* ____2Tests.m */ = {isa = PBXFileReference; lastKnownFileType = sourcecode.c.objc; path = "____2Tests.m"; sourceTree = "<group>"; };
		93590A431B2939C90031A146 /* PrefixHeader.pch */ = {isa = PBXFileReference; lastKnownFileType = sourcecode.c.h; name = PrefixHeader.pch; path = ../PrefixHeader.pch; sourceTree = "<group>"; };
		93590A821B2AB8200031A146 /* HWDiscoverViewController.h */ = {isa = PBXFileReference; fileEncoding = 4; lastKnownFileType = sourcecode.c.h; path = HWDiscoverViewController.h; sourceTree = "<group>"; };
		93590A831B2AB8200031A146 /* HWDiscoverViewController.m */ = {isa = PBXFileReference; fileEncoding = 4; lastKnownFileType = sourcecode.c.objc; path = HWDiscoverViewController.m; sourceTree = "<group>"; };
		93590A881B2AB8200031A146 /* HWHomeViewController.h */ = {isa = PBXFileReference; fileEncoding = 4; lastKnownFileType = sourcecode.c.h; path = HWHomeViewController.h; sourceTree = "<group>"; };
		93590A891B2AB8200031A146 /* HWHomeViewController.m */ = {isa = PBXFileReference; fileEncoding = 4; lastKnownFileType = sourcecode.c.objc; path = HWHomeViewController.m; sourceTree = "<group>"; };
		93590A8D1B2AB8200031A146 /* AppDelegate.h */ = {isa = PBXFileReference; fileEncoding = 4; lastKnownFileType = sourcecode.c.h; path = AppDelegate.h; sourceTree = "<group>"; };
		93590A8E1B2AB8200031A146 /* AppDelegate.m */ = {isa = PBXFileReference; fileEncoding = 4; lastKnownFileType = sourcecode.c.objc; path = AppDelegate.m; sourceTree = "<group>"; };
		93590A901B2AB8200031A146 /* HWUIView+Extension.h */ = {isa = PBXFileReference; fileEncoding = 4; lastKnownFileType = sourcecode.c.h; path = "HWUIView+Extension.h"; sourceTree = "<group>"; };
		93590A911B2AB8200031A146 /* HWUIView+Extension.m */ = {isa = PBXFileReference; fileEncoding = 4; lastKnownFileType = sourcecode.c.objc; path = "HWUIView+Extension.m"; sourceTree = "<group>"; };
		93590A931B2AB8200031A146 /* HWNavigationController.h */ = {isa = PBXFileReference; fileEncoding = 4; lastKnownFileType = sourcecode.c.h; path = HWNavigationController.h; sourceTree = "<group>"; };
		93590A941B2AB8200031A146 /* HWNavigationController.m */ = {isa = PBXFileReference; fileEncoding = 4; lastKnownFileType = sourcecode.c.objc; path = HWNavigationController.m; sourceTree = "<group>"; };
		93590A951B2AB8200031A146 /* HWTabBarViewController.h */ = {isa = PBXFileReference; fileEncoding = 4; lastKnownFileType = sourcecode.c.h; path = HWTabBarViewController.h; sourceTree = "<group>"; };
		93590A961B2AB8200031A146 /* HWTabBarViewController.m */ = {isa = PBXFileReference; fileEncoding = 4; lastKnownFileType = sourcecode.c.objc; path = HWTabBarViewController.m; sourceTree = "<group>"; };
		93590A971B2AB8200031A146 /* main.m */ = {isa = PBXFileReference; fileEncoding = 4; lastKnownFileType = sourcecode.c.objc; path = main.m; sourceTree = "<group>"; };
		93590A9C1B2AB8200031A146 /* HWMessageCenterViewController.h */ = {isa = PBXFileReference; fileEncoding = 4; lastKnownFileType = sourcecode.c.h; path = HWMessageCenterViewController.h; sourceTree = "<group>"; };
		93590A9D1B2AB8200031A146 /* HWMessageCenterViewController.m */ = {isa = PBXFileReference; fileEncoding = 4; lastKnownFileType = sourcecode.c.objc; path = HWMessageCenterViewController.m; sourceTree = "<group>"; };
		93590AA61B2AB8200031A146 /* HWProfileViewController.h */ = {isa = PBXFileReference; fileEncoding = 4; lastKnownFileType = sourcecode.c.h; path = HWProfileViewController.h; sourceTree = "<group>"; };
		93590AA71B2AB8200031A146 /* HWProfileViewController.m */ = {isa = PBXFileReference; fileEncoding = 4; lastKnownFileType = sourcecode.c.objc; path = HWProfileViewController.m; sourceTree = "<group>"; };
		93590AAC1B2AB8200031A146 /* HWTest2ViewController.h */ = {isa = PBXFileReference; fileEncoding = 4; lastKnownFileType = sourcecode.c.h; path = HWTest2ViewController.h; sourceTree = "<group>"; };
		93590AAD1B2AB8200031A146 /* HWTest2ViewController.m */ = {isa = PBXFileReference; fileEncoding = 4; lastKnownFileType = sourcecode.c.objc; path = HWTest2ViewController.m; sourceTree = "<group>"; };
		93590AAE1B2AB8200031A146 /* HWTest2ViewController.xib */ = {isa = PBXFileReference; fileEncoding = 4; lastKnownFileType = file.xib; path = HWTest2ViewController.xib; sourceTree = "<group>"; };
		93590AAF1B2AB8200031A146 /* HWTestViewController.h */ = {isa = PBXFileReference; fileEncoding = 4; lastKnownFileType = sourcecode.c.h; path = HWTestViewController.h; sourceTree = "<group>"; };
		93590AB01B2AB8200031A146 /* HWTestViewController.m */ = {isa = PBXFileReference; fileEncoding = 4; lastKnownFileType = sourcecode.c.objc; path = HWTestViewController.m; sourceTree = "<group>"; };
		93590AB11B2AB8200031A146 /* HWTestViewController.xib */ = {isa = PBXFileReference; fileEncoding = 4; lastKnownFileType = file.xib; path = HWTestViewController.xib; sourceTree = "<group>"; };
		9359A4911B40E93300481293 /* HWStatusCell.h */ = {isa = PBXFileReference; fileEncoding = 4; lastKnownFileType = sourcecode.c.h; path = HWStatusCell.h; sourceTree = "<group>"; };
		9359A4921B40E93300481293 /* HWStatusCell.m */ = {isa = PBXFileReference; fileEncoding = 4; lastKnownFileType = sourcecode.c.objc; path = HWStatusCell.m; sourceTree = "<group>"; };
		9359A4941B40F2E600481293 /* HWStatusFrame.h */ = {isa = PBXFileReference; fileEncoding = 4; lastKnownFileType = sourcecode.c.h; path = HWStatusFrame.h; sourceTree = "<group>"; };
		9359A4951B40F2E600481293 /* HWStatusFrame.m */ = {isa = PBXFileReference; fileEncoding = 4; lastKnownFileType = sourcecode.c.objc; path = HWStatusFrame.m; sourceTree = "<group>"; };
		9359A4971B4286A500481293 /* HWPhoto.h */ = {isa = PBXFileReference; fileEncoding = 4; lastKnownFileType = sourcecode.c.h; path = HWPhoto.h; sourceTree = "<group>"; };
		9359A4981B4286A500481293 /* HWPhoto.m */ = {isa = PBXFileReference; fileEncoding = 4; lastKnownFileType = sourcecode.c.objc; path = HWPhoto.m; sourceTree = "<group>"; };
		9359A49A1B42C00600481293 /* HWStatusToolbar.h */ = {isa = PBXFileReference; fileEncoding = 4; lastKnownFileType = sourcecode.c.h; path = HWStatusToolbar.h; sourceTree = "<group>"; };
		9359A49B1B42C00600481293 /* HWStatusToolbar.m */ = {isa = PBXFileReference; fileEncoding = 4; lastKnownFileType = sourcecode.c.objc; path = HWStatusToolbar.m; sourceTree = "<group>"; };
		9371A4B51B357D0E00C33E44 /* HWUIWindow+Extension.h */ = {isa = PBXFileReference; fileEncoding = 4; lastKnownFileType = sourcecode.c.h; path = "HWUIWindow+Extension.h"; sourceTree = "<group>"; };
		9371A4B61B357D0E00C33E44 /* HWUIWindow+Extension.m */ = {isa = PBXFileReference; fileEncoding = 4; lastKnownFileType = sourcecode.c.objc; path = "HWUIWindow+Extension.m"; sourceTree = "<group>"; };
		939DE21D1B2ABF3900FE9EB2 /* HWUIBarButtonItem+Extension.h */ = {isa = PBXFileReference; fileEncoding = 4; lastKnownFileType = sourcecode.c.h; name = "HWUIBarButtonItem+Extension.h"; path = "../../HWUIBarButtonItem+Extension.h"; sourceTree = "<group>"; };
		939DE21E1B2ABF3900FE9EB2 /* HWUIBarButtonItem+Extension.m */ = {isa = PBXFileReference; fileEncoding = 4; lastKnownFileType = sourcecode.c.objc; name = "HWUIBarButtonItem+Extension.m"; path = "../../HWUIBarButtonItem+Extension.m"; sourceTree = "<group>"; };
		939DE2201B2B391200FE9EB2 /* HWSearchBar.h */ = {isa = PBXFileReference; fileEncoding = 4; lastKnownFileType = sourcecode.c.h; path = HWSearchBar.h; sourceTree = "<group>"; };
		939DE2211B2B391200FE9EB2 /* HWSearchBar.m */ = {isa = PBXFileReference; fileEncoding = 4; lastKnownFileType = sourcecode.c.objc; path = HWSearchBar.m; sourceTree = "<group>"; };
		939DE2231B2DA89700FE9EB2 /* HWDropDownMenu.h */ = {isa = PBXFileReference; fileEncoding = 4; lastKnownFileType = sourcecode.c.h; path = HWDropDownMenu.h; sourceTree = "<group>"; };
		939DE2241B2DA89700FE9EB2 /* HWDropDownMenu.m */ = {isa = PBXFileReference; fileEncoding = 4; lastKnownFileType = sourcecode.c.objc; path = HWDropDownMenu.m; sourceTree = "<group>"; };
		939DE2261B2EB42300FE9EB2 /* HWTabBar.h */ = {isa = PBXFileReference; fileEncoding = 4; lastKnownFileType = sourcecode.c.h; path = HWTabBar.h; sourceTree = "<group>"; };
		939DE2271B2EB42300FE9EB2 /* HWTabBar.m */ = {isa = PBXFileReference; fileEncoding = 4; lastKnownFileType = sourcecode.c.objc; path = HWTabBar.m; sourceTree = "<group>"; };
		939DE22B1B2F03BC00FE9EB2 /* HWNewFeatrueViewController.h */ = {isa = PBXFileReference; fileEncoding = 4; lastKnownFileType = sourcecode.c.h; path = HWNewFeatrueViewController.h; sourceTree = "<group>"; };
		939DE22C1B2F03BC00FE9EB2 /* HWNewFeatrueViewController.m */ = {isa = PBXFileReference; fileEncoding = 4; lastKnownFileType = sourcecode.c.objc; path = HWNewFeatrueViewController.m; sourceTree = "<group>"; };
		939DE2301B3154CE00FE9EB2 /* HWOAuthViewController.h */ = {isa = PBXFileReference; fileEncoding = 4; lastKnownFileType = sourcecode.c.h; path = HWOAuthViewController.h; sourceTree = "<group>"; };
		939DE2311B3154CE00FE9EB2 /* HWOAuthViewController.m */ = {isa = PBXFileReference; fileEncoding = 4; lastKnownFileType = sourcecode.c.objc; path = HWOAuthViewController.m; sourceTree = "<group>"; };
		939DE2341B3167D700FE9EB2 /* AFHTTPRequestOperation.h */ = {isa = PBXFileReference; fileEncoding = 4; lastKnownFileType = sourcecode.c.h; path = AFHTTPRequestOperation.h; sourceTree = "<group>"; };
		939DE2351B3167D700FE9EB2 /* AFHTTPRequestOperation.m */ = {isa = PBXFileReference; fileEncoding = 4; lastKnownFileType = sourcecode.c.objc; path = AFHTTPRequestOperation.m; sourceTree = "<group>"; };
		939DE2361B3167D700FE9EB2 /* AFHTTPRequestOperationManager.h */ = {isa = PBXFileReference; fileEncoding = 4; lastKnownFileType = sourcecode.c.h; path = AFHTTPRequestOperationManager.h; sourceTree = "<group>"; };
		939DE2371B3167D700FE9EB2 /* AFHTTPRequestOperationManager.m */ = {isa = PBXFileReference; fileEncoding = 4; lastKnownFileType = sourcecode.c.objc; path = AFHTTPRequestOperationManager.m; sourceTree = "<group>"; };
		939DE2381B3167D700FE9EB2 /* AFHTTPSessionManager.h */ = {isa = PBXFileReference; fileEncoding = 4; lastKnownFileType = sourcecode.c.h; path = AFHTTPSessionManager.h; sourceTree = "<group>"; };
		939DE2391B3167D700FE9EB2 /* AFHTTPSessionManager.m */ = {isa = PBXFileReference; fileEncoding = 4; lastKnownFileType = sourcecode.c.objc; path = AFHTTPSessionManager.m; sourceTree = "<group>"; };
		939DE23A1B3167D700FE9EB2 /* AFNetworking.h */ = {isa = PBXFileReference; fileEncoding = 4; lastKnownFileType = sourcecode.c.h; path = AFNetworking.h; sourceTree = "<group>"; };
		939DE23B1B3167D700FE9EB2 /* AFNetworkReachabilityManager.h */ = {isa = PBXFileReference; fileEncoding = 4; lastKnownFileType = sourcecode.c.h; path = AFNetworkReachabilityManager.h; sourceTree = "<group>"; };
		939DE23C1B3167D700FE9EB2 /* AFNetworkReachabilityManager.m */ = {isa = PBXFileReference; fileEncoding = 4; lastKnownFileType = sourcecode.c.objc; path = AFNetworkReachabilityManager.m; sourceTree = "<group>"; };
		939DE23D1B3167D700FE9EB2 /* AFSecurityPolicy.h */ = {isa = PBXFileReference; fileEncoding = 4; lastKnownFileType = sourcecode.c.h; path = AFSecurityPolicy.h; sourceTree = "<group>"; };
		939DE23E1B3167D700FE9EB2 /* AFSecurityPolicy.m */ = {isa = PBXFileReference; fileEncoding = 4; lastKnownFileType = sourcecode.c.objc; path = AFSecurityPolicy.m; sourceTree = "<group>"; };
		939DE23F1B3167D700FE9EB2 /* AFURLConnectionOperation.h */ = {isa = PBXFileReference; fileEncoding = 4; lastKnownFileType = sourcecode.c.h; path = AFURLConnectionOperation.h; sourceTree = "<group>"; };
		939DE2401B3167D700FE9EB2 /* AFURLConnectionOperation.m */ = {isa = PBXFileReference; fileEncoding = 4; lastKnownFileType = sourcecode.c.objc; path = AFURLConnectionOperation.m; sourceTree = "<group>"; };
		939DE2411B3167D700FE9EB2 /* AFURLRequestSerialization.h */ = {isa = PBXFileReference; fileEncoding = 4; lastKnownFileType = sourcecode.c.h; path = AFURLRequestSerialization.h; sourceTree = "<group>"; };
		939DE2421B3167D700FE9EB2 /* AFURLRequestSerialization.m */ = {isa = PBXFileReference; fileEncoding = 4; lastKnownFileType = sourcecode.c.objc; path = AFURLRequestSerialization.m; sourceTree = "<group>"; };
		939DE2431B3167D700FE9EB2 /* AFURLResponseSerialization.h */ = {isa = PBXFileReference; fileEncoding = 4; lastKnownFileType = sourcecode.c.h; path = AFURLResponseSerialization.h; sourceTree = "<group>"; };
		939DE2441B3167D700FE9EB2 /* AFURLResponseSerialization.m */ = {isa = PBXFileReference; fileEncoding = 4; lastKnownFileType = sourcecode.c.objc; path = AFURLResponseSerialization.m; sourceTree = "<group>"; };
		939DE2451B3167D700FE9EB2 /* AFURLSessionManager.h */ = {isa = PBXFileReference; fileEncoding = 4; lastKnownFileType = sourcecode.c.h; path = AFURLSessionManager.h; sourceTree = "<group>"; };
		939DE2461B3167D700FE9EB2 /* AFURLSessionManager.m */ = {isa = PBXFileReference; fileEncoding = 4; lastKnownFileType = sourcecode.c.objc; path = AFURLSessionManager.m; sourceTree = "<group>"; };
		939DE2511B31B61900FE9EB2 /* HWAccount.h */ = {isa = PBXFileReference; fileEncoding = 4; lastKnownFileType = sourcecode.c.h; path = HWAccount.h; sourceTree = "<group>"; };
		939DE2521B31B61900FE9EB2 /* HWAccount.m */ = {isa = PBXFileReference; fileEncoding = 4; lastKnownFileType = sourcecode.c.objc; path = HWAccount.m; sourceTree = "<group>"; };
		939DE2551B3438CF00FE9EB2 /* MBProgressHUD.h */ = {isa = PBXFileReference; fileEncoding = 4; lastKnownFileType = sourcecode.c.h; path = MBProgressHUD.h; sourceTree = "<group>"; };
		939DE2561B3438CF00FE9EB2 /* MBProgressHUD.m */ = {isa = PBXFileReference; fileEncoding = 4; lastKnownFileType = sourcecode.c.objc; path = MBProgressHUD.m; sourceTree = "<group>"; };
		939DE2591B34445600FE9EB2 /* HWAccountTool.h */ = {isa = PBXFileReference; fileEncoding = 4; lastKnownFileType = sourcecode.c.h; path = HWAccountTool.h; sourceTree = "<group>"; };
		939DE25A1B34445600FE9EB2 /* HWAccountTool.m */ = {isa = PBXFileReference; fileEncoding = 4; lastKnownFileType = sourcecode.c.objc; path = HWAccountTool.m; sourceTree = "<group>"; };
		93BED3551B36855600A94CF4 /* HWTitleButton.h */ = {isa = PBXFileReference; fileEncoding = 4; lastKnownFileType = sourcecode.c.h; path = HWTitleButton.h; sourceTree = "<group>"; };
		93BED3561B36855600A94CF4 /* HWTitleButton.m */ = {isa = PBXFileReference; fileEncoding = 4; lastKnownFileType = sourcecode.c.objc; path = HWTitleButton.m; sourceTree = "<group>"; };
		93BED3591B36EE6600A94CF4 /* MKAnnotationView+WebCache.h */ = {isa = PBXFileReference; fileEncoding = 4; lastKnownFileType = sourcecode.c.h; path = "MKAnnotationView+WebCache.h"; sourceTree = "<group>"; };
		93BED35A1B36EE6600A94CF4 /* MKAnnotationView+WebCache.m */ = {isa = PBXFileReference; fileEncoding = 4; lastKnownFileType = sourcecode.c.objc; path = "MKAnnotationView+WebCache.m"; sourceTree = "<group>"; };
		93BED35B1B36EE6600A94CF4 /* NSData+ImageContentType.h */ = {isa = PBXFileReference; fileEncoding = 4; lastKnownFileType = sourcecode.c.h; path = "NSData+ImageContentType.h"; sourceTree = "<group>"; };
		93BED35C1B36EE6600A94CF4 /* NSData+ImageContentType.m */ = {isa = PBXFileReference; fileEncoding = 4; lastKnownFileType = sourcecode.c.objc; path = "NSData+ImageContentType.m"; sourceTree = "<group>"; };
		93BED35D1B36EE6600A94CF4 /* SDImageCache.h */ = {isa = PBXFileReference; fileEncoding = 4; lastKnownFileType = sourcecode.c.h; path = SDImageCache.h; sourceTree = "<group>"; };
		93BED35E1B36EE6600A94CF4 /* SDImageCache.m */ = {isa = PBXFileReference; fileEncoding = 4; lastKnownFileType = sourcecode.c.objc; path = SDImageCache.m; sourceTree = "<group>"; };
		93BED35F1B36EE6600A94CF4 /* SDWebImageCompat.h */ = {isa = PBXFileReference; fileEncoding = 4; lastKnownFileType = sourcecode.c.h; path = SDWebImageCompat.h; sourceTree = "<group>"; };
		93BED3601B36EE6600A94CF4 /* SDWebImageCompat.m */ = {isa = PBXFileReference; fileEncoding = 4; lastKnownFileType = sourcecode.c.objc; path = SDWebImageCompat.m; sourceTree = "<group>"; };
		93BED3611B36EE6600A94CF4 /* SDWebImageDecoder.h */ = {isa = PBXFileReference; fileEncoding = 4; lastKnownFileType = sourcecode.c.h; path = SDWebImageDecoder.h; sourceTree = "<group>"; };
		93BED3621B36EE6600A94CF4 /* SDWebImageDecoder.m */ = {isa = PBXFileReference; fileEncoding = 4; lastKnownFileType = sourcecode.c.objc; path = SDWebImageDecoder.m; sourceTree = "<group>"; };
		93BED3631B36EE6600A94CF4 /* SDWebImageDownloader.h */ = {isa = PBXFileReference; fileEncoding = 4; lastKnownFileType = sourcecode.c.h; path = SDWebImageDownloader.h; sourceTree = "<group>"; };
		93BED3641B36EE6600A94CF4 /* SDWebImageDownloader.m */ = {isa = PBXFileReference; fileEncoding = 4; lastKnownFileType = sourcecode.c.objc; path = SDWebImageDownloader.m; sourceTree = "<group>"; };
		93BED3651B36EE6600A94CF4 /* SDWebImageDownloaderOperation.h */ = {isa = PBXFileReference; fileEncoding = 4; lastKnownFileType = sourcecode.c.h; path = SDWebImageDownloaderOperation.h; sourceTree = "<group>"; };
		93BED3661B36EE6600A94CF4 /* SDWebImageDownloaderOperation.m */ = {isa = PBXFileReference; fileEncoding = 4; lastKnownFileType = sourcecode.c.objc; path = SDWebImageDownloaderOperation.m; sourceTree = "<group>"; };
		93BED3671B36EE6600A94CF4 /* SDWebImageManager.h */ = {isa = PBXFileReference; fileEncoding = 4; lastKnownFileType = sourcecode.c.h; path = SDWebImageManager.h; sourceTree = "<group>"; };
		93BED3681B36EE6600A94CF4 /* SDWebImageManager.m */ = {isa = PBXFileReference; fileEncoding = 4; lastKnownFileType = sourcecode.c.objc; path = SDWebImageManager.m; sourceTree = "<group>"; };
		93BED3691B36EE6600A94CF4 /* SDWebImageOperation.h */ = {isa = PBXFileReference; fileEncoding = 4; lastKnownFileType = sourcecode.c.h; path = SDWebImageOperation.h; sourceTree = "<group>"; };
		93BED36A1B36EE6600A94CF4 /* SDWebImagePrefetcher.h */ = {isa = PBXFileReference; fileEncoding = 4; lastKnownFileType = sourcecode.c.h; path = SDWebImagePrefetcher.h; sourceTree = "<group>"; };
		93BED36B1B36EE6600A94CF4 /* SDWebImagePrefetcher.m */ = {isa = PBXFileReference; fileEncoding = 4; lastKnownFileType = sourcecode.c.objc; path = SDWebImagePrefetcher.m; sourceTree = "<group>"; };
		93BED36C1B36EE6600A94CF4 /* UIButton+WebCache.h */ = {isa = PBXFileReference; fileEncoding = 4; lastKnownFileType = sourcecode.c.h; path = "UIButton+WebCache.h"; sourceTree = "<group>"; };
		93BED36D1B36EE6600A94CF4 /* UIButton+WebCache.m */ = {isa = PBXFileReference; fileEncoding = 4; lastKnownFileType = sourcecode.c.objc; path = "UIButton+WebCache.m"; sourceTree = "<group>"; };
		93BED36E1B36EE6600A94CF4 /* UIImage+GIF.h */ = {isa = PBXFileReference; fileEncoding = 4; lastKnownFileType = sourcecode.c.h; path = "UIImage+GIF.h"; sourceTree = "<group>"; };
		93BED36F1B36EE6600A94CF4 /* UIImage+GIF.m */ = {isa = PBXFileReference; fileEncoding = 4; lastKnownFileType = sourcecode.c.objc; path = "UIImage+GIF.m"; sourceTree = "<group>"; };
		93BED3701B36EE6600A94CF4 /* UIImage+MultiFormat.h */ = {isa = PBXFileReference; fileEncoding = 4; lastKnownFileType = sourcecode.c.h; path = "UIImage+MultiFormat.h"; sourceTree = "<group>"; };
		93BED3711B36EE6600A94CF4 /* UIImage+MultiFormat.m */ = {isa = PBXFileReference; fileEncoding = 4; lastKnownFileType = sourcecode.c.objc; path = "UIImage+MultiFormat.m"; sourceTree = "<group>"; };
		93BED3721B36EE6600A94CF4 /* UIImage+WebP.h */ = {isa = PBXFileReference; fileEncoding = 4; lastKnownFileType = sourcecode.c.h; path = "UIImage+WebP.h"; sourceTree = "<group>"; };
		93BED3731B36EE6600A94CF4 /* UIImage+WebP.m */ = {isa = PBXFileReference; fileEncoding = 4; lastKnownFileType = sourcecode.c.objc; path = "UIImage+WebP.m"; sourceTree = "<group>"; };
		93BED3741B36EE6600A94CF4 /* UIImageView+HighlightedWebCache.h */ = {isa = PBXFileReference; fileEncoding = 4; lastKnownFileType = sourcecode.c.h; path = "UIImageView+HighlightedWebCache.h"; sourceTree = "<group>"; };
		93BED3751B36EE6600A94CF4 /* UIImageView+HighlightedWebCache.m */ = {isa = PBXFileReference; fileEncoding = 4; lastKnownFileType = sourcecode.c.objc; path = "UIImageView+HighlightedWebCache.m"; sourceTree = "<group>"; };
		93BED3761B36EE6600A94CF4 /* UIImageView+WebCache.h */ = {isa = PBXFileReference; fileEncoding = 4; lastKnownFileType = sourcecode.c.h; path = "UIImageView+WebCache.h"; sourceTree = "<group>"; };
		93BED3771B36EE6600A94CF4 /* UIImageView+WebCache.m */ = {isa = PBXFileReference; fileEncoding = 4; lastKnownFileType = sourcecode.c.objc; path = "UIImageView+WebCache.m"; sourceTree = "<group>"; };
		93BED3781B36EE6600A94CF4 /* UIView+WebCacheOperation.h */ = {isa = PBXFileReference; fileEncoding = 4; lastKnownFileType = sourcecode.c.h; path = "UIView+WebCacheOperation.h"; sourceTree = "<group>"; };
		93BED3791B36EE6600A94CF4 /* UIView+WebCacheOperation.m */ = {isa = PBXFileReference; fileEncoding = 4; lastKnownFileType = sourcecode.c.objc; path = "UIView+WebCacheOperation.m"; sourceTree = "<group>"; };
		93BED38A1B37A23F00A94CF4 /* HWUser.h */ = {isa = PBXFileReference; fileEncoding = 4; lastKnownFileType = sourcecode.c.h; path = HWUser.h; sourceTree = "<group>"; };
		93BED38B1B37A23F00A94CF4 /* HWUser.m */ = {isa = PBXFileReference; fileEncoding = 4; lastKnownFileType = sourcecode.c.objc; path = HWUser.m; sourceTree = "<group>"; };
		93BED38D1B37A2C800A94CF4 /* HWStatus.h */ = {isa = PBXFileReference; fileEncoding = 4; lastKnownFileType = sourcecode.c.h; path = HWStatus.h; sourceTree = "<group>"; };
		93BED38E1B37A2C800A94CF4 /* HWStatus.m */ = {isa = PBXFileReference; fileEncoding = 4; lastKnownFileType = sourcecode.c.objc; path = HWStatus.m; sourceTree = "<group>"; };
		93BED3901B3AC0DC00A94CF4 /* HWLoadMoreFooter.h */ = {isa = PBXFileReference; fileEncoding = 4; lastKnownFileType = sourcecode.c.h; path = HWLoadMoreFooter.h; sourceTree = "<group>"; };
		93BED3911B3AC0DC00A94CF4 /* HWLoadMoreFooter.m */ = {isa = PBXFileReference; fileEncoding = 4; lastKnownFileType = sourcecode.c.objc; path = HWLoadMoreFooter.m; sourceTree = "<group>"; };
		93BED3931B3AC10C00A94CF4 /* HWLoadMoreFooter.xib */ = {isa = PBXFileReference; fileEncoding = 4; lastKnownFileType = file.xib; path = HWLoadMoreFooter.xib; sourceTree = "<group>"; };
		93D7937C1B3C524F0071E041 /* icon.png */ = {isa = PBXFileReference; lastKnownFileType = image.png; path = icon.png; sourceTree = "<group>"; };
/* End PBXFileReference section */

/* Begin PBXFrameworksBuildPhase section */
		93590A111B29369C0031A146 /* Frameworks */ = {
			isa = PBXFrameworksBuildPhase;
			buildActionMask = 2147483647;
			files = (
			);
			runOnlyForDeploymentPostprocessing = 0;
		};
		93590A2A1B29369D0031A146 /* Frameworks */ = {
			isa = PBXFrameworksBuildPhase;
			buildActionMask = 2147483647;
			files = (
			);
			runOnlyForDeploymentPostprocessing = 0;
		};
/* End PBXFrameworksBuildPhase section */

/* Begin PBXGroup section */
		93590A0B1B29369C0031A146 = {
			isa = PBXGroup;
			children = (
				93590A161B29369C0031A146 /* 黑马微博2 */,
				93590A301B29369D0031A146 /* 黑马微博2Tests */,
				93590A151B29369C0031A146 /* Products */,
			);
			sourceTree = "<group>";
		};
		93590A151B29369C0031A146 /* Products */ = {
			isa = PBXGroup;
			children = (
				93590A141B29369C0031A146 /* 黑马微博2.app */,
				93590A2D1B29369D0031A146 /* 黑马微博2Tests.xctest */,
			);
			name = Products;
			sourceTree = "<group>";
		};
		93590A161B29369C0031A146 /* 黑马微博2 */ = {
			isa = PBXGroup;
			children = (
				93590A431B2939C90031A146 /* PrefixHeader.pch */,
				93590A3D1B2937C70031A146 /* Classes */,
				93590A1E1B29369C0031A146 /* ViewController.h */,
				93590A1F1B29369C0031A146 /* ViewController.m */,
				93590A211B29369D0031A146 /* Main.storyboard */,
				93590A261B29369D0031A146 /* LaunchScreen.xib */,
				93590A171B29369C0031A146 /* Supporting Files */,
			);
			path = "黑马微博2";
			sourceTree = "<group>";
		};
		93590A171B29369C0031A146 /* Supporting Files */ = {
			isa = PBXGroup;
			children = (
				93D7937C1B3C524F0071E041 /* icon.png */,
				93590A241B29369D0031A146 /* Images.xcassets */,
				93590A181B29369C0031A146 /* Info.plist */,
			);
			name = "Supporting Files";
			sourceTree = "<group>";
		};
		93590A301B29369D0031A146 /* 黑马微博2Tests */ = {
			isa = PBXGroup;
			children = (
				93590A331B29369D0031A146 /* ____2Tests.m */,
				93590A311B29369D0031A146 /* Supporting Files */,
			);
			path = "黑马微博2Tests";
			sourceTree = "<group>";
		};
		93590A311B29369D0031A146 /* Supporting Files */ = {
			isa = PBXGroup;
			children = (
				93590A321B29369D0031A146 /* Info.plist */,
			);
			name = "Supporting Files";
			sourceTree = "<group>";
		};
		93590A3D1B2937C70031A146 /* Classes */ = {
			isa = PBXGroup;
			children = (
				939DE22E1B3120F000FE9EB2 /* OAuth */,
				939DE2291B2F038400FE9EB2 /* NewFeature */,
				93590A801B2AB8200031A146 /* Discover */,
				93590A861B2AB8200031A146 /* Home */,
				93590A8C1B2AB8200031A146 /* Main */,
				93590A9A1B2AB8200031A146 /* MessageCenter */,
				93590AA01B2AB8200031A146 /* Other */,
				93590AA41B2AB8200031A146 /* Profile */,
				93590AAA1B2AB8200031A146 /* Temp */,
			);
			path = Classes;
			sourceTree = "<group>";
		};
		93590A801B2AB8200031A146 /* Discover */ = {
			isa = PBXGroup;
			children = (
				93590A811B2AB8200031A146 /* Controller */,
				93590A841B2AB8200031A146 /* Model */,
				93590A851B2AB8200031A146 /* View */,
			);
			path = Discover;
			sourceTree = "<group>";
		};
		93590A811B2AB8200031A146 /* Controller */ = {
			isa = PBXGroup;
			children = (
				93590A821B2AB8200031A146 /* HWDiscoverViewController.h */,
				93590A831B2AB8200031A146 /* HWDiscoverViewController.m */,
			);
			path = Controller;
			sourceTree = "<group>";
		};
		93590A841B2AB8200031A146 /* Model */ = {
			isa = PBXGroup;
			children = (
			);
			path = Model;
			sourceTree = "<group>";
		};
		93590A851B2AB8200031A146 /* View */ = {
			isa = PBXGroup;
			children = (
			);
			path = View;
			sourceTree = "<group>";
		};
		93590A861B2AB8200031A146 /* Home */ = {
			isa = PBXGroup;
			children = (
				93590A871B2AB8200031A146 /* Controller */,
				93590A8A1B2AB8200031A146 /* Model */,
				93590A8B1B2AB8200031A146 /* View */,
			);
			path = Home;
			sourceTree = "<group>";
		};
		93590A871B2AB8200031A146 /* Controller */ = {
			isa = PBXGroup;
			children = (
				93590A881B2AB8200031A146 /* HWHomeViewController.h */,
				93590A891B2AB8200031A146 /* HWHomeViewController.m */,
			);
			path = Controller;
			sourceTree = "<group>";
		};
		93590A8A1B2AB8200031A146 /* Model */ = {
			isa = PBXGroup;
			children = (
				93BED38A1B37A23F00A94CF4 /* HWUser.h */,
				93BED38B1B37A23F00A94CF4 /* HWUser.m */,
				93BED38D1B37A2C800A94CF4 /* HWStatus.h */,
				93BED38E1B37A2C800A94CF4 /* HWStatus.m */,
				9359A4941B40F2E600481293 /* HWStatusFrame.h */,
				9359A4951B40F2E600481293 /* HWStatusFrame.m */,
				9359A4971B4286A500481293 /* HWPhoto.h */,
				9359A4981B4286A500481293 /* HWPhoto.m */,
			);
			path = Model;
			sourceTree = "<group>";
		};
		93590A8B1B2AB8200031A146 /* View */ = {
			isa = PBXGroup;
			children = (
				93BED3551B36855600A94CF4 /* HWTitleButton.h */,
				93BED3561B36855600A94CF4 /* HWTitleButton.m */,
				93BED3901B3AC0DC00A94CF4 /* HWLoadMoreFooter.h */,
				93BED3911B3AC0DC00A94CF4 /* HWLoadMoreFooter.m */,
				93BED3931B3AC10C00A94CF4 /* HWLoadMoreFooter.xib */,
				9359A4911B40E93300481293 /* HWStatusCell.h */,
				9359A4921B40E93300481293 /* HWStatusCell.m */,
				9359A49A1B42C00600481293 /* HWStatusToolbar.h */,
				9359A49B1B42C00600481293 /* HWStatusToolbar.m */,
				9303AE321B4624CA00D21F77 /* HWStatusPhotosView.h */,
				9303AE331B4624CA00D21F77 /* HWStatusPhotosView.m */,
				9303AE381B46419F00D21F77 /* HWStatusPhotoView.h */,
				9303AE391B46419F00D21F77 /* HWStatusPhotoView.m */,
			);
			path = View;
			sourceTree = "<group>";
		};
		93590A8C1B2AB8200031A146 /* Main */ = {
			isa = PBXGroup;
			children = (
				93BED3581B36EE6600A94CF4 /* SDWebImage */,
				939DE2541B3438CF00FE9EB2 /* MBProgressHUD */,
				939DE2331B3167D700FE9EB2 /* AFNetworking package */,
				93590A8D1B2AB8200031A146 /* AppDelegate.h */,
				93590A8E1B2AB8200031A146 /* AppDelegate.m */,
				93590A8F1B2AB8200031A146 /* Category */,
				93590A921B2AB8200031A146 /* Controller */,
				93590A971B2AB8200031A146 /* main.m */,
				93590A981B2AB8200031A146 /* Model */,
				93590A991B2AB8200031A146 /* View */,
			);
			path = Main;
			sourceTree = "<group>";
		};
		93590A8F1B2AB8200031A146 /* Category */ = {
			isa = PBXGroup;
			children = (
				939DE21D1B2ABF3900FE9EB2 /* HWUIBarButtonItem+Extension.h */,
				939DE21E1B2ABF3900FE9EB2 /* HWUIBarButtonItem+Extension.m */,
				93590A901B2AB8200031A146 /* HWUIView+Extension.h */,
				93590A911B2AB8200031A146 /* HWUIView+Extension.m */,
				9371A4B51B357D0E00C33E44 /* HWUIWindow+Extension.h */,
				9371A4B61B357D0E00C33E44 /* HWUIWindow+Extension.m */,
				9303AE2C1B45859F00D21F77 /* HWNSString+Extension.h */,
				9303AE2D1B45859F00D21F77 /* HWNSString+Extension.m */,
			);
			path = Category;
			sourceTree = "<group>";
		};
		93590A921B2AB8200031A146 /* Controller */ = {
			isa = PBXGroup;
			children = (
				93590A931B2AB8200031A146 /* HWNavigationController.h */,
				93590A941B2AB8200031A146 /* HWNavigationController.m */,
				93590A951B2AB8200031A146 /* HWTabBarViewController.h */,
				93590A961B2AB8200031A146 /* HWTabBarViewController.m */,
			);
			path = Controller;
			sourceTree = "<group>";
		};
		93590A981B2AB8200031A146 /* Model */ = {
			isa = PBXGroup;
			children = (
			);
			path = Model;
			sourceTree = "<group>";
		};
		93590A991B2AB8200031A146 /* View */ = {
			isa = PBXGroup;
			children = (
				939DE2201B2B391200FE9EB2 /* HWSearchBar.h */,
				939DE2211B2B391200FE9EB2 /* HWSearchBar.m */,
				939DE2231B2DA89700FE9EB2 /* HWDropDownMenu.h */,
				939DE2241B2DA89700FE9EB2 /* HWDropDownMenu.m */,
				939DE2261B2EB42300FE9EB2 /* HWTabBar.h */,
				939DE2271B2EB42300FE9EB2 /* HWTabBar.m */,
				9303AE3B1B46519900D21F77 /* HWIconView.h */,
				9303AE3C1B46519900D21F77 /* HWIconView.m */,
			);
			path = View;
			sourceTree = "<group>";
		};
		93590A9A1B2AB8200031A146 /* MessageCenter */ = {
			isa = PBXGroup;
			children = (
				93590A9B1B2AB8200031A146 /* Controller */,
				93590A9E1B2AB8200031A146 /* Model */,
				93590A9F1B2AB8200031A146 /* View */,
			);
			path = MessageCenter;
			sourceTree = "<group>";
		};
		93590A9B1B2AB8200031A146 /* Controller */ = {
			isa = PBXGroup;
			children = (
				93590A9C1B2AB8200031A146 /* HWMessageCenterViewController.h */,
				93590A9D1B2AB8200031A146 /* HWMessageCenterViewController.m */,
			);
			path = Controller;
			sourceTree = "<group>";
		};
		93590A9E1B2AB8200031A146 /* Model */ = {
			isa = PBXGroup;
			children = (
			);
			path = Model;
			sourceTree = "<group>";
		};
		93590A9F1B2AB8200031A146 /* View */ = {
			isa = PBXGroup;
			children = (
			);
			path = View;
			sourceTree = "<group>";
		};
		93590AA01B2AB8200031A146 /* Other */ = {
			isa = PBXGroup;
			children = (
				93590AA11B2AB8200031A146 /* Controller */,
				93590AA21B2AB8200031A146 /* Model */,
				93590AA31B2AB8200031A146 /* View */,
			);
			path = Other;
			sourceTree = "<group>";
		};
		93590AA11B2AB8200031A146 /* Controller */ = {
			isa = PBXGroup;
			children = (
			);
			path = Controller;
			sourceTree = "<group>";
		};
		93590AA21B2AB8200031A146 /* Model */ = {
			isa = PBXGroup;
			children = (
			);
			path = Model;
			sourceTree = "<group>";
		};
		93590AA31B2AB8200031A146 /* View */ = {
			isa = PBXGroup;
			children = (
			);
			path = View;
			sourceTree = "<group>";
		};
		93590AA41B2AB8200031A146 /* Profile */ = {
			isa = PBXGroup;
			children = (
				93590AA51B2AB8200031A146 /* Controller */,
				93590AA81B2AB8200031A146 /* Model */,
				93590AA91B2AB8200031A146 /* View */,
			);
			path = Profile;
			sourceTree = "<group>";
		};
		93590AA51B2AB8200031A146 /* Controller */ = {
			isa = PBXGroup;
			children = (
				93590AA61B2AB8200031A146 /* HWProfileViewController.h */,
				93590AA71B2AB8200031A146 /* HWProfileViewController.m */,
			);
			path = Controller;
			sourceTree = "<group>";
		};
		93590AA81B2AB8200031A146 /* Model */ = {
			isa = PBXGroup;
			children = (
			);
			path = Model;
			sourceTree = "<group>";
		};
		93590AA91B2AB8200031A146 /* View */ = {
			isa = PBXGroup;
			children = (
			);
			path = View;
			sourceTree = "<group>";
		};
		93590AAA1B2AB8200031A146 /* Temp */ = {
			isa = PBXGroup;
			children = (
				93590AAB1B2AB8200031A146 /* Controller */,
				93590AB21B2AB8200031A146 /* Model */,
				93590AB31B2AB8200031A146 /* View */,
			);
			path = Temp;
			sourceTree = "<group>";
		};
		93590AAB1B2AB8200031A146 /* Controller */ = {
			isa = PBXGroup;
			children = (
				93590AAC1B2AB8200031A146 /* HWTest2ViewController.h */,
				93590AAD1B2AB8200031A146 /* HWTest2ViewController.m */,
				93590AAE1B2AB8200031A146 /* HWTest2ViewController.xib */,
				93590AAF1B2AB8200031A146 /* HWTestViewController.h */,
				93590AB01B2AB8200031A146 /* HWTestViewController.m */,
				93590AB11B2AB8200031A146 /* HWTestViewController.xib */,
			);
			path = Controller;
			sourceTree = "<group>";
		};
		93590AB21B2AB8200031A146 /* Model */ = {
			isa = PBXGroup;
			children = (
			);
			path = Model;
			sourceTree = "<group>";
		};
		93590AB31B2AB8200031A146 /* View */ = {
			isa = PBXGroup;
			children = (
			);
			path = View;
			sourceTree = "<group>";
		};
		939DE2291B2F038400FE9EB2 /* NewFeature */ = {
			isa = PBXGroup;
			children = (
				939DE22A1B2F038400FE9EB2 /* Controller */,
			);
			path = NewFeature;
			sourceTree = "<group>";
		};
		939DE22A1B2F038400FE9EB2 /* Controller */ = {
			isa = PBXGroup;
			children = (
				939DE22B1B2F03BC00FE9EB2 /* HWNewFeatrueViewController.h */,
				939DE22C1B2F03BC00FE9EB2 /* HWNewFeatrueViewController.m */,
			);
			path = Controller;
			sourceTree = "<group>";
		};
		939DE22E1B3120F000FE9EB2 /* OAuth */ = {
			isa = PBXGroup;
			children = (
				939DE2581B34441E00FE9EB2 /* Tool */,
				939DE2501B31B5E900FE9EB2 /* Model */,
				939DE22F1B3120F000FE9EB2 /* Controller */,
			);
			path = OAuth;
			sourceTree = "<group>";
		};
		939DE22F1B3120F000FE9EB2 /* Controller */ = {
			isa = PBXGroup;
			children = (
				939DE2301B3154CE00FE9EB2 /* HWOAuthViewController.h */,
				939DE2311B3154CE00FE9EB2 /* HWOAuthViewController.m */,
			);
			path = Controller;
			sourceTree = "<group>";
		};
		939DE2331B3167D700FE9EB2 /* AFNetworking package */ = {
			isa = PBXGroup;
			children = (
				939DE2341B3167D700FE9EB2 /* AFHTTPRequestOperation.h */,
				939DE2351B3167D700FE9EB2 /* AFHTTPRequestOperation.m */,
				939DE2361B3167D700FE9EB2 /* AFHTTPRequestOperationManager.h */,
				939DE2371B3167D700FE9EB2 /* AFHTTPRequestOperationManager.m */,
				939DE2381B3167D700FE9EB2 /* AFHTTPSessionManager.h */,
				939DE2391B3167D700FE9EB2 /* AFHTTPSessionManager.m */,
				939DE23A1B3167D700FE9EB2 /* AFNetworking.h */,
				939DE23B1B3167D700FE9EB2 /* AFNetworkReachabilityManager.h */,
				939DE23C1B3167D700FE9EB2 /* AFNetworkReachabilityManager.m */,
				939DE23D1B3167D700FE9EB2 /* AFSecurityPolicy.h */,
				939DE23E1B3167D700FE9EB2 /* AFSecurityPolicy.m */,
				939DE23F1B3167D700FE9EB2 /* AFURLConnectionOperation.h */,
				939DE2401B3167D700FE9EB2 /* AFURLConnectionOperation.m */,
				939DE2411B3167D700FE9EB2 /* AFURLRequestSerialization.h */,
				939DE2421B3167D700FE9EB2 /* AFURLRequestSerialization.m */,
				939DE2431B3167D700FE9EB2 /* AFURLResponseSerialization.h */,
				939DE2441B3167D700FE9EB2 /* AFURLResponseSerialization.m */,
				939DE2451B3167D700FE9EB2 /* AFURLSessionManager.h */,
				939DE2461B3167D700FE9EB2 /* AFURLSessionManager.m */,
			);
			path = "AFNetworking package";
			sourceTree = "<group>";
		};
		939DE2501B31B5E900FE9EB2 /* Model */ = {
			isa = PBXGroup;
			children = (
				939DE2511B31B61900FE9EB2 /* HWAccount.h */,
				939DE2521B31B61900FE9EB2 /* HWAccount.m */,
			);
			path = Model;
			sourceTree = "<group>";
		};
		939DE2541B3438CF00FE9EB2 /* MBProgressHUD */ = {
			isa = PBXGroup;
			children = (
				939DE2551B3438CF00FE9EB2 /* MBProgressHUD.h */,
				939DE2561B3438CF00FE9EB2 /* MBProgressHUD.m */,
			);
			path = MBProgressHUD;
			sourceTree = "<group>";
		};
		939DE2581B34441E00FE9EB2 /* Tool */ = {
			isa = PBXGroup;
			children = (
				939DE2591B34445600FE9EB2 /* HWAccountTool.h */,
				939DE25A1B34445600FE9EB2 /* HWAccountTool.m */,
			);
			path = Tool;
			sourceTree = "<group>";
		};
		93BED3581B36EE6600A94CF4 /* SDWebImage */ = {
			isa = PBXGroup;
			children = (
				93BED3591B36EE6600A94CF4 /* MKAnnotationView+WebCache.h */,
				93BED35A1B36EE6600A94CF4 /* MKAnnotationView+WebCache.m */,
				93BED35B1B36EE6600A94CF4 /* NSData+ImageContentType.h */,
				93BED35C1B36EE6600A94CF4 /* NSData+ImageContentType.m */,
				93BED35D1B36EE6600A94CF4 /* SDImageCache.h */,
				93BED35E1B36EE6600A94CF4 /* SDImageCache.m */,
				93BED35F1B36EE6600A94CF4 /* SDWebImageCompat.h */,
				93BED3601B36EE6600A94CF4 /* SDWebImageCompat.m */,
				93BED3611B36EE6600A94CF4 /* SDWebImageDecoder.h */,
				93BED3621B36EE6600A94CF4 /* SDWebImageDecoder.m */,
				93BED3631B36EE6600A94CF4 /* SDWebImageDownloader.h */,
				93BED3641B36EE6600A94CF4 /* SDWebImageDownloader.m */,
				93BED3651B36EE6600A94CF4 /* SDWebImageDownloaderOperation.h */,
				93BED3661B36EE6600A94CF4 /* SDWebImageDownloaderOperation.m */,
				93BED3671B36EE6600A94CF4 /* SDWebImageManager.h */,
				93BED3681B36EE6600A94CF4 /* SDWebImageManager.m */,
				93BED3691B36EE6600A94CF4 /* SDWebImageOperation.h */,
				93BED36A1B36EE6600A94CF4 /* SDWebImagePrefetcher.h */,
				93BED36B1B36EE6600A94CF4 /* SDWebImagePrefetcher.m */,
				93BED36C1B36EE6600A94CF4 /* UIButton+WebCache.h */,
				93BED36D1B36EE6600A94CF4 /* UIButton+WebCache.m */,
				93BED36E1B36EE6600A94CF4 /* UIImage+GIF.h */,
				93BED36F1B36EE6600A94CF4 /* UIImage+GIF.m */,
				93BED3701B36EE6600A94CF4 /* UIImage+MultiFormat.h */,
				93BED3711B36EE6600A94CF4 /* UIImage+MultiFormat.m */,
				93BED3721B36EE6600A94CF4 /* UIImage+WebP.h */,
				93BED3731B36EE6600A94CF4 /* UIImage+WebP.m */,
				93BED3741B36EE6600A94CF4 /* UIImageView+HighlightedWebCache.h */,
				93BED3751B36EE6600A94CF4 /* UIImageView+HighlightedWebCache.m */,
				93BED3761B36EE6600A94CF4 /* UIImageView+WebCache.h */,
				93BED3771B36EE6600A94CF4 /* UIImageView+WebCache.m */,
				93BED3781B36EE6600A94CF4 /* UIView+WebCacheOperation.h */,
				93BED3791B36EE6600A94CF4 /* UIView+WebCacheOperation.m */,
			);
			path = SDWebImage;
			sourceTree = "<group>";
		};
/* End PBXGroup section */

/* Begin PBXNativeTarget section */
		93590A131B29369C0031A146 /* 黑马微博2 */ = {
			isa = PBXNativeTarget;
			buildConfigurationList = 93590A371B29369D0031A146 /* Build configuration list for PBXNativeTarget "黑马微博2" */;
			buildPhases = (
				93590A101B29369C0031A146 /* Sources */,
				93590A111B29369C0031A146 /* Frameworks */,
				93590A121B29369C0031A146 /* Resources */,
			);
			buildRules = (
			);
			dependencies = (
			);
			name = "黑马微博2";
			productName = "黑马微博2";
			productReference = 93590A141B29369C0031A146 /* 黑马微博2.app */;
			productType = "com.apple.product-type.application";
		};
		93590A2C1B29369D0031A146 /* 黑马微博2Tests */ = {
			isa = PBXNativeTarget;
			buildConfigurationList = 93590A3A1B29369D0031A146 /* Build configuration list for PBXNativeTarget "黑马微博2Tests" */;
			buildPhases = (
				93590A291B29369D0031A146 /* Sources */,
				93590A2A1B29369D0031A146 /* Frameworks */,
				93590A2B1B29369D0031A146 /* Resources */,
			);
			buildRules = (
			);
			dependencies = (
				93590A2F1B29369D0031A146 /* PBXTargetDependency */,
			);
			name = "黑马微博2Tests";
			productName = "黑马微博2Tests";
			productReference = 93590A2D1B29369D0031A146 /* 黑马微博2Tests.xctest */;
			productType = "com.apple.product-type.bundle.unit-test";
		};
/* End PBXNativeTarget section */

/* Begin PBXProject section */
		93590A0C1B29369C0031A146 /* Project object */ = {
			isa = PBXProject;
			attributes = {
				LastUpgradeCheck = 0610;
				ORGANIZATIONNAME = HM;
				TargetAttributes = {
					93590A131B29369C0031A146 = {
						CreatedOnToolsVersion = 6.1.1;
					};
					93590A2C1B29369D0031A146 = {
						CreatedOnToolsVersion = 6.1.1;
						TestTargetID = 93590A131B29369C0031A146;
					};
				};
			};
			buildConfigurationList = 93590A0F1B29369C0031A146 /* Build configuration list for PBXProject "黑马微博2" */;
			compatibilityVersion = "Xcode 3.2";
			developmentRegion = English;
			hasScannedForEncodings = 0;
			knownRegions = (
				en,
				Base,
			);
			mainGroup = 93590A0B1B29369C0031A146;
			productRefGroup = 93590A151B29369C0031A146 /* Products */;
			projectDirPath = "";
			projectRoot = "";
			targets = (
				93590A131B29369C0031A146 /* 黑马微博2 */,
				93590A2C1B29369D0031A146 /* 黑马微博2Tests */,
			);
		};
/* End PBXProject section */

/* Begin PBXResourcesBuildPhase section */
		93590A121B29369C0031A146 /* Resources */ = {
			isa = PBXResourcesBuildPhase;
			buildActionMask = 2147483647;
			files = (
				93590AC01B2AB8200031A146 /* HWTestViewController.xib in Resources */,
				93D7937D1B3C524F0071E041 /* icon.png in Resources */,
				93590A231B29369D0031A146 /* Main.storyboard in Resources */,
				93BED3941B3AC10C00A94CF4 /* HWLoadMoreFooter.xib in Resources */,
				93590A281B29369D0031A146 /* LaunchScreen.xib in Resources */,
				93590ABE1B2AB8200031A146 /* HWTest2ViewController.xib in Resources */,
				93590A251B29369D0031A146 /* Images.xcassets in Resources */,
			);
			runOnlyForDeploymentPostprocessing = 0;
		};
		93590A2B1B29369D0031A146 /* Resources */ = {
			isa = PBXResourcesBuildPhase;
			buildActionMask = 2147483647;
			files = (
			);
			runOnlyForDeploymentPostprocessing = 0;
		};
/* End PBXResourcesBuildPhase section */

/* Begin PBXSourcesBuildPhase section */
		93590A101B29369C0031A146 /* Sources */ = {
			isa = PBXSourcesBuildPhase;
			buildActionMask = 2147483647;
			files = (
				93BED3871B36EE6600A94CF4 /* UIImageView+HighlightedWebCache.m in Sources */,
				939DE2281B2EB42300FE9EB2 /* HWTabBar.m in Sources */,
				93590AB61B2AB8200031A146 /* AppDelegate.m in Sources */,
				939DE24B1B3167D700FE9EB2 /* AFSecurityPolicy.m in Sources */,
				939DE2481B3167D700FE9EB2 /* AFHTTPRequestOperationManager.m in Sources */,
				939DE2471B3167D700FE9EB2 /* AFHTTPRequestOperation.m in Sources */,
				93BED3881B36EE6600A94CF4 /* UIImageView+WebCache.m in Sources */,
				93590AB71B2AB8200031A146 /* HWUIView+Extension.m in Sources */,
				9303AE3A1B46419F00D21F77 /* HWStatusPhotoView.m in Sources */,
				9303AE2E1B45859F00D21F77 /* HWNSString+Extension.m in Sources */,
				9359A4931B40E93300481293 /* HWStatusCell.m in Sources */,
				93590AB51B2AB8200031A146 /* HWHomeViewController.m in Sources */,
				93BED3831B36EE6600A94CF4 /* UIButton+WebCache.m in Sources */,
				93BED3571B36855600A94CF4 /* HWTitleButton.m in Sources */,
				93590AB41B2AB8200031A146 /* HWDiscoverViewController.m in Sources */,
				9371A4B71B357D0E00C33E44 /* HWUIWindow+Extension.m in Sources */,
				93BED3841B36EE6600A94CF4 /* UIImage+GIF.m in Sources */,
				9359A4991B4286A500481293 /* HWPhoto.m in Sources */,
				9359A4961B40F2E600481293 /* HWStatusFrame.m in Sources */,
				93BED3821B36EE6600A94CF4 /* SDWebImagePrefetcher.m in Sources */,
				939DE2571B3438CF00FE9EB2 /* MBProgressHUD.m in Sources */,
				93590AB91B2AB8200031A146 /* HWTabBarViewController.m in Sources */,
				939DE21F1B2ABF3900FE9EB2 /* HWUIBarButtonItem+Extension.m in Sources */,
				9303AE3D1B46519900D21F77 /* HWIconView.m in Sources */,
				93BED37D1B36EE6600A94CF4 /* SDWebImageCompat.m in Sources */,
				93BED37F1B36EE6600A94CF4 /* SDWebImageDownloader.m in Sources */,
				93BED3801B36EE6600A94CF4 /* SDWebImageDownloaderOperation.m in Sources */,
				9359A49C1B42C00600481293 /* HWStatusToolbar.m in Sources */,
				93BED37E1B36EE6600A94CF4 /* SDWebImageDecoder.m in Sources */,
				93BED3811B36EE6600A94CF4 /* SDWebImageManager.m in Sources */,
				939DE2221B2B391200FE9EB2 /* HWSearchBar.m in Sources */,
				93590AB81B2AB8200031A146 /* HWNavigationController.m in Sources */,
				93590ABA1B2AB8200031A146 /* main.m in Sources */,
				9303AE341B4624CA00D21F77 /* HWStatusPhotosView.m in Sources */,
				93BED38F1B37A2C800A94CF4 /* HWStatus.m in Sources */,
				939DE2491B3167D700FE9EB2 /* AFHTTPSessionManager.m in Sources */,
				939DE2531B31B61900FE9EB2 /* HWAccount.m in Sources */,
				93BED3891B36EE6600A94CF4 /* UIView+WebCacheOperation.m in Sources */,
				93590ABF1B2AB8200031A146 /* HWTestViewController.m in Sources */,
				93590ABD1B2AB8200031A146 /* HWTest2ViewController.m in Sources */,
				939DE24C1B3167D700FE9EB2 /* AFURLConnectionOperation.m in Sources */,
				939DE24D1B3167D700FE9EB2 /* AFURLRequestSerialization.m in Sources */,
				939DE25B1B34445600FE9EB2 /* HWAccountTool.m in Sources */,
				93BED37A1B36EE6600A94CF4 /* MKAnnotationView+WebCache.m in Sources */,
				93BED3851B36EE6600A94CF4 /* UIImage+MultiFormat.m in Sources */,
				939DE24F1B3167D700FE9EB2 /* AFURLSessionManager.m in Sources */,
				93BED3921B3AC0DC00A94CF4 /* HWLoadMoreFooter.m in Sources */,
				939DE24E1B3167D700FE9EB2 /* AFURLResponseSerialization.m in Sources */,
				93BED37B1B36EE6600A94CF4 /* NSData+ImageContentType.m in Sources */,
				93590A201B29369C0031A146 /* ViewController.m in Sources */,
				93BED3861B36EE6600A94CF4 /* UIImage+WebP.m in Sources */,
				939DE2251B2DA89700FE9EB2 /* HWDropDownMenu.m in Sources */,
				93590ABB1B2AB8200031A146 /* HWMessageCenterViewController.m in Sources */,
				939DE2321B3154CE00FE9EB2 /* HWOAuthViewController.m in Sources */,
				939DE22D1B2F03BC00FE9EB2 /* HWNewFeatrueViewController.m in Sources */,
				939DE24A1B3167D700FE9EB2 /* AFNetworkReachabilityManager.m in Sources */,
				93BED38C1B37A23F00A94CF4 /* HWUser.m in Sources */,
				93590ABC1B2AB8200031A146 /* HWProfileViewController.m in Sources */,
				93BED37C1B36EE6600A94CF4 /* SDImageCache.m in Sources */,
			);
			runOnlyForDeploymentPostprocessing = 0;
		};
		93590A291B29369D0031A146 /* Sources */ = {
			isa = PBXSourcesBuildPhase;
			buildActionMask = 2147483647;
			files = (
				93590A341B29369D0031A146 /* ____2Tests.m in Sources */,
			);
			runOnlyForDeploymentPostprocessing = 0;
		};
/* End PBXSourcesBuildPhase section */

/* Begin PBXTargetDependency section */
		93590A2F1B29369D0031A146 /* PBXTargetDependency */ = {
			isa = PBXTargetDependency;
			target = 93590A131B29369C0031A146 /* 黑马微博2 */;
			targetProxy = 93590A2E1B29369D0031A146 /* PBXContainerItemProxy */;
		};
/* End PBXTargetDependency section */

/* Begin PBXVariantGroup section */
		93590A211B29369D0031A146 /* Main.storyboard */ = {
			isa = PBXVariantGroup;
			children = (
				93590A221B29369D0031A146 /* Base */,
			);
			name = Main.storyboard;
			sourceTree = "<group>";
		};
		93590A261B29369D0031A146 /* LaunchScreen.xib */ = {
			isa = PBXVariantGroup;
			children = (
				93590A271B29369D0031A146 /* Base */,
			);
			name = LaunchScreen.xib;
			sourceTree = "<group>";
		};
/* End PBXVariantGroup section */

/* Begin XCBuildConfiguration section */
		93590A351B29369D0031A146 /* Debug */ = {
			isa = XCBuildConfiguration;
			buildSettings = {
				ALWAYS_SEARCH_USER_PATHS = NO;
				CLANG_CXX_LANGUAGE_STANDARD = "gnu++0x";
				CLANG_CXX_LIBRARY = "libc++";
				CLANG_ENABLE_MODULES = YES;
				CLANG_ENABLE_OBJC_ARC = YES;
				CLANG_WARN_BOOL_CONVERSION = YES;
				CLANG_WARN_CONSTANT_CONVERSION = YES;
				CLANG_WARN_DIRECT_OBJC_ISA_USAGE = YES_ERROR;
				CLANG_WARN_EMPTY_BODY = YES;
				CLANG_WARN_ENUM_CONVERSION = YES;
				CLANG_WARN_INT_CONVERSION = YES;
				CLANG_WARN_OBJC_ROOT_CLASS = YES_ERROR;
				CLANG_WARN_UNREACHABLE_CODE = YES;
				CLANG_WARN__DUPLICATE_METHOD_MATCH = YES;
				"CODE_SIGN_IDENTITY[sdk=iphoneos*]" = "iPhone Developer";
				COPY_PHASE_STRIP = NO;
				ENABLE_STRICT_OBJC_MSGSEND = YES;
				GCC_C_LANGUAGE_STANDARD = gnu99;
				GCC_DYNAMIC_NO_PIC = NO;
				GCC_OPTIMIZATION_LEVEL = 0;
				GCC_PREPROCESSOR_DEFINITIONS = (
					"DEBUG=1",
					"$(inherited)",
				);
				GCC_SYMBOLS_PRIVATE_EXTERN = NO;
				GCC_WARN_64_TO_32_BIT_CONVERSION = YES;
				GCC_WARN_ABOUT_RETURN_TYPE = YES_ERROR;
				GCC_WARN_UNDECLARED_SELECTOR = YES;
				GCC_WARN_UNINITIALIZED_AUTOS = YES_AGGRESSIVE;
				GCC_WARN_UNUSED_FUNCTION = YES;
				GCC_WARN_UNUSED_VARIABLE = YES;
				IPHONEOS_DEPLOYMENT_TARGET = 8.1;
				MTL_ENABLE_DEBUG_INFO = YES;
				ONLY_ACTIVE_ARCH = YES;
				SDKROOT = iphoneos;
			};
			name = Debug;
		};
		93590A361B29369D0031A146 /* Release */ = {
			isa = XCBuildConfiguration;
			buildSettings = {
				ALWAYS_SEARCH_USER_PATHS = NO;
				CLANG_CXX_LANGUAGE_STANDARD = "gnu++0x";
				CLANG_CXX_LIBRARY = "libc++";
				CLANG_ENABLE_MODULES = YES;
				CLANG_ENABLE_OBJC_ARC = YES;
				CLANG_WARN_BOOL_CONVERSION = YES;
				CLANG_WARN_CONSTANT_CONVERSION = YES;
				CLANG_WARN_DIRECT_OBJC_ISA_USAGE = YES_ERROR;
				CLANG_WARN_EMPTY_BODY = YES;
				CLANG_WARN_ENUM_CONVERSION = YES;
				CLANG_WARN_INT_CONVERSION = YES;
				CLANG_WARN_OBJC_ROOT_CLASS = YES_ERROR;
				CLANG_WARN_UNREACHABLE_CODE = YES;
				CLANG_WARN__DUPLICATE_METHOD_MATCH = YES;
				"CODE_SIGN_IDENTITY[sdk=iphoneos*]" = "iPhone Developer";
				COPY_PHASE_STRIP = YES;
				ENABLE_NS_ASSERTIONS = NO;
				ENABLE_STRICT_OBJC_MSGSEND = YES;
				GCC_C_LANGUAGE_STANDARD = gnu99;
				GCC_WARN_64_TO_32_BIT_CONVERSION = YES;
				GCC_WARN_ABOUT_RETURN_TYPE = YES_ERROR;
				GCC_WARN_UNDECLARED_SELECTOR = YES;
				GCC_WARN_UNINITIALIZED_AUTOS = YES_AGGRESSIVE;
				GCC_WARN_UNUSED_FUNCTION = YES;
				GCC_WARN_UNUSED_VARIABLE = YES;
				IPHONEOS_DEPLOYMENT_TARGET = 8.1;
				MTL_ENABLE_DEBUG_INFO = NO;
				SDKROOT = iphoneos;
				VALIDATE_PRODUCT = YES;
			};
			name = Release;
		};
		93590A381B29369D0031A146 /* Debug */ = {
			isa = XCBuildConfiguration;
			buildSettings = {
				ASSETCATALOG_COMPILER_APPICON_NAME = AppIcon;
				GCC_ENABLE_BUILTIN_FUNCTIONS = YES;
				GCC_PRECOMPILE_PREFIX_HEADER = NO;
				GCC_PREFIX_HEADER = "$(SRCROOT)/PrefixHeader.pch";
				INFOPLIST_FILE = "黑马微博2/Info.plist";
				LD_RUNPATH_SEARCH_PATHS = "$(inherited) @executable_path/Frameworks";
				PRODUCT_NAME = "$(TARGET_NAME)";
			};
			name = Debug;
		};
		93590A391B29369D0031A146 /* Release */ = {
			isa = XCBuildConfiguration;
			buildSettings = {
				ASSETCATALOG_COMPILER_APPICON_NAME = AppIcon;
				GCC_ENABLE_BUILTIN_FUNCTIONS = YES;
				GCC_PRECOMPILE_PREFIX_HEADER = NO;
				GCC_PREFIX_HEADER = "$(SRCROOT)/PrefixHeader.pch";
				INFOPLIST_FILE = "黑马微博2/Info.plist";
				LD_RUNPATH_SEARCH_PATHS = "$(inherited) @executable_path/Frameworks";
				PRODUCT_NAME = "$(TARGET_NAME)";
			};
			name = Release;
		};
		93590A3B1B29369D0031A146 /* Debug */ = {
			isa = XCBuildConfiguration;
			buildSettings = {
				BUNDLE_LOADER = "$(TEST_HOST)";
				FRAMEWORK_SEARCH_PATHS = (
					"$(SDKROOT)/Developer/Library/Frameworks",
					"$(inherited)",
				);
				GCC_PREPROCESSOR_DEFINITIONS = (
					"DEBUG=1",
					"$(inherited)",
				);
				INFOPLIST_FILE = "黑马微博2Tests/Info.plist";
				LD_RUNPATH_SEARCH_PATHS = "$(inherited) @executable_path/Frameworks @loader_path/Frameworks";
				PRODUCT_NAME = "$(TARGET_NAME)";
				TEST_HOST = "$(BUILT_PRODUCTS_DIR)/黑马微博2.app/黑马微博2";
			};
			name = Debug;
		};
		93590A3C1B29369D0031A146 /* Release */ = {
			isa = XCBuildConfiguration;
			buildSettings = {
				BUNDLE_LOADER = "$(TEST_HOST)";
				FRAMEWORK_SEARCH_PATHS = (
					"$(SDKROOT)/Developer/Library/Frameworks",
					"$(inherited)",
				);
				INFOPLIST_FILE = "黑马微博2Tests/Info.plist";
				LD_RUNPATH_SEARCH_PATHS = "$(inherited) @executable_path/Frameworks @loader_path/Frameworks";
				PRODUCT_NAME = "$(TARGET_NAME)";
				TEST_HOST = "$(BUILT_PRODUCTS_DIR)/黑马微博2.app/黑马微博2";
			};
			name = Release;
		};
/* End XCBuildConfiguration section */

/* Begin XCConfigurationList section */
		93590A0F1B29369C0031A146 /* Build configuration list for PBXProject "黑马微博2" */ = {
			isa = XCConfigurationList;
			buildConfigurations = (
				93590A351B29369D0031A146 /* Debug */,
				93590A361B29369D0031A146 /* Release */,
			);
			defaultConfigurationIsVisible = 0;
			defaultConfigurationName = Release;
		};
		93590A371B29369D0031A146 /* Build configuration list for PBXNativeTarget "黑马微博2" */ = {
			isa = XCConfigurationList;
			buildConfigurations = (
				93590A381B29369D0031A146 /* Debug */,
				93590A391B29369D0031A146 /* Release */,
			);
			defaultConfigurationIsVisible = 0;
			defaultConfigurationName = Release;
		};
		93590A3A1B29369D0031A146 /* Build configuration list for PBXNativeTarget "黑马微博2Tests" */ = {
			isa = XCConfigurationList;
			buildConfigurations = (
				93590A3B1B29369D0031A146 /* Debug */,
				93590A3C1B29369D0031A146 /* Release */,
			);
			defaultConfigurationIsVisible = 0;
			defaultConfigurationName = Release;
		};
/* End XCConfigurationList section */
	};
	rootObject = 93590A0C1B29369C0031A146 /* Project object */;
}
